
Microsoft Visual Studio Solution File, Format Version 12.00
# Visual Studio Version 16
VisualStudioVersion = 16.0.30907.101
MinimumVisualStudioVersion = 10.0.40219.1
Project("{FAE04EC0-301F-11D3-BF4B-00C04F79EFBC}") = "CORS.API", "CORS.API\CORS.API.csproj", "{160495FF-F3F8-4DF4-B4CE-6CDDD92CCA0B}"
EndProject
Global
	GlobalSection(SolutionConfigurationPlatforms) = preSolution
		Debug|Any CPU = Debug|Any CPU
		Release|Any CPU = Release|Any CPU
	EndGlobalSection
	GlobalSection(ProjectConfigurationPlatforms) = postSolution
		{160495FF-F3F8-4DF4-B4CE-6CDDD92CCA0B}.Debug|Any CPU.ActiveCfg = Debug|Any CPU
		{160495FF-F3F8-4DF4-B4CE-6CDDD92CCA0B}.Debug|Any CPU.Build.0 = Debug|Any CPU
		{160495FF-F3F8-4DF4-B4CE-6CDDD92CCA0B}.Release|Any CPU.ActiveCfg = Release|Any CPU
		{160495FF-F3F8-4DF4-B4CE-6CDDD92CCA0B}.Release|Any CPU.Build.0 = Release|Any CPU
	EndGlobalSection
	GlobalSection(SolutionProperties) = preSolution
		HideSolutionNode = FALSE
	EndGlobalSection
	GlobalSection(ExtensibilityGlobals) = postSolution
		SolutionGuid = {86559314-86FA-4667-8D25-3236CBC741B2}
	EndGlobalSection
EndGlobal
